
Microsoft Visual Studio Solution File, Format Version 12.00
# Visual Studio 14
VisualStudioVersion = 14.0.24720.0
MinimumVisualStudioVersion = 10.0.40219.1
Project("{FAE04EC0-301F-11D3-BF4B-00C04F79EFBC}") = "Fiap.Exemplo02.MVC.Web", "Fiap.Exemplo02.MVC.Web\Fiap.Exemplo02.MVC.Web.csproj", "{FFC8B061-82A1-4A22-9CAF-41C99067E952}"
EndProject
Project("{00D1A9C2-B5F0-4AF3-8072-F6C62B433612}") = "Fiap.Exemplo02.Database", "Fiap.Exemplo02.Database\Fiap.Exemplo02.Database.sqlproj", "{43761200-377A-44AF-95EB-8C38DE420CA4}"
EndProject
Project("{FAE04EC0-301F-11D3-BF4B-00C04F79EFBC}") = "Fiap.Exemplo02.Dominio", "Fiap.Exemplo02.Dominio\Fiap.Exemplo02.Dominio.csproj", "{7B3F518B-C635-4B78-9E86-6D1CBC1F4BAD}"
EndProject
Project("{FAE04EC0-301F-11D3-BF4B-00C04F79EFBC}") = "Fiap.Exemplo02.Persistencia", "Fiap.Exemplo02.Persistencia\Fiap.Exemplo02.Persistencia.csproj", "{65996E7C-22AE-47BE-8C86-7F06A132B170}"
EndProject
Project("{FAE04EC0-301F-11D3-BF4B-00C04F79EFBC}") = "Fiap.Exemplo02.Services", "Fiap.Exemplo02.Services\Fiap.Exemplo02.Services.csproj", "{72AE3AF0-9064-4CFD-B223-555C8BFF79CC}"
EndProject
Project("{FAE04EC0-301F-11D3-BF4B-00C04F79EFBC}") = "Fiap.Exemplo02.Persistencia.Test", "Fiap.Exemplo02.Persistencia.Test\Fiap.Exemplo02.Persistencia.Test.csproj", "{E5400710-1711-48A3-8488-05B7ACD51E39}"
EndProject
Project("{FAE04EC0-301F-11D3-BF4B-00C04F79EFBC}") = "Fiap.Exemplo02.Web.Test", "Fiap.Exemplo02.Web.Test\Fiap.Exemplo02.Web.Test.csproj", "{CBFED477-0E16-42CC-8665-33B864E24B30}"
EndProject
Project("{FAE04EC0-301F-11D3-BF4B-00C04F79EFBC}") = "Fiap.Exemplo05.MVC.Web", "Fiap.Exemplo05.MVC.Web\Fiap.Exemplo05.MVC.Web.csproj", "{0FDE1525-D1B2-4A89-A19B-C0EA6B61DA3A}"
EndProject
Global
	GlobalSection(SolutionConfigurationPlatforms) = preSolution
		Debug|Any CPU = Debug|Any CPU
		Release|Any CPU = Release|Any CPU
	EndGlobalSection
	GlobalSection(ProjectConfigurationPlatforms) = postSolution
		{FFC8B061-82A1-4A22-9CAF-41C99067E952}.Debug|Any CPU.ActiveCfg = Debug|Any CPU
		{FFC8B061-82A1-4A22-9CAF-41C99067E952}.Debug|Any CPU.Build.0 = Debug|Any CPU
		{FFC8B061-82A1-4A22-9CAF-41C99067E952}.Release|Any CPU.ActiveCfg = Release|Any CPU
		{FFC8B061-82A1-4A22-9CAF-41C99067E952}.Release|Any CPU.Build.0 = Release|Any CPU
		{43761200-377A-44AF-95EB-8C38DE420CA4}.Debug|Any CPU.ActiveCfg = Debug|Any CPU
		{43761200-377A-44AF-95EB-8C38DE420CA4}.Debug|Any CPU.Build.0 = Debug|Any CPU
		{43761200-377A-44AF-95EB-8C38DE420CA4}.Debug|Any CPU.Deploy.0 = Debug|Any CPU
		{43761200-377A-44AF-95EB-8C38DE420CA4}.Release|Any CPU.ActiveCfg = Release|Any CPU
		{43761200-377A-44AF-95EB-8C38DE420CA4}.Release|Any CPU.Build.0 = Release|Any CPU
		{43761200-377A-44AF-95EB-8C38DE420CA4}.Release|Any CPU.Deploy.0 = Release|Any CPU
		{7B3F518B-C635-4B78-9E86-6D1CBC1F4BAD}.Debug|Any CPU.ActiveCfg = Debug|Any CPU
		{7B3F518B-C635-4B78-9E86-6D1CBC1F4BAD}.Debug|Any CPU.Build.0 = Debug|Any CPU
		{7B3F518B-C635-4B78-9E86-6D1CBC1F4BAD}.Release|Any CPU.ActiveCfg = Release|Any CPU
		{7B3F518B-C635-4B78-9E86-6D1CBC1F4BAD}.Release|Any CPU.Build.0 = Release|Any CPU
		{65996E7C-22AE-47BE-8C86-7F06A132B170}.Debug|Any CPU.ActiveCfg = Debug|Any CPU
		{65996E7C-22AE-47BE-8C86-7F06A132B170}.Debug|Any CPU.Build.0 = Debug|Any CPU
		{65996E7C-22AE-47BE-8C86-7F06A132B170}.Release|Any CPU.ActiveCfg = Release|Any CPU
		{65996E7C-22AE-47BE-8C86-7F06A132B170}.Release|Any CPU.Build.0 = Release|Any CPU
		{72AE3AF0-9064-4CFD-B223-555C8BFF79CC}.Debug|Any CPU.ActiveCfg = Debug|Any CPU
		{72AE3AF0-9064-4CFD-B223-555C8BFF79CC}.Debug|Any CPU.Build.0 = Debug|Any CPU
		{72AE3AF0-9064-4CFD-B223-555C8BFF79CC}.Release|Any CPU.ActiveCfg = Release|Any CPU
		{72AE3AF0-9064-4CFD-B223-555C8BFF79CC}.Release|Any CPU.Build.0 = Release|Any CPU
		{E5400710-1711-48A3-8488-05B7ACD51E39}.Debug|Any CPU.ActiveCfg = Debug|Any CPU
		{E5400710-1711-48A3-8488-05B7ACD51E39}.Debug|Any CPU.Build.0 = Debug|Any CPU
		{E5400710-1711-48A3-8488-05B7ACD51E39}.Release|Any CPU.ActiveCfg = Release|Any CPU
		{E5400710-1711-48A3-8488-05B7ACD51E39}.Release|Any CPU.Build.0 = Release|Any CPU
		{CBFED477-0E16-42CC-8665-33B864E24B30}.Debug|Any CPU.ActiveCfg = Debug|Any CPU
		{CBFED477-0E16-42CC-8665-33B864E24B30}.Debug|Any CPU.Build.0 = Debug|Any CPU
		{CBFED477-0E16-42CC-8665-33B864E24B30}.Release|Any CPU.ActiveCfg = Release|Any CPU
		{CBFED477-0E16-42CC-8665-33B864E24B30}.Release|Any CPU.Build.0 = Release|Any CPU
		{0FDE1525-D1B2-4A89-A19B-C0EA6B61DA3A}.Debug|Any CPU.ActiveCfg = Debug|Any CPU
		{0FDE1525-D1B2-4A89-A19B-C0EA6B61DA3A}.Debug|Any CPU.Build.0 = Debug|Any CPU
		{0FDE1525-D1B2-4A89-A19B-C0EA6B61DA3A}.Release|Any CPU.ActiveCfg = Release|Any CPU
		{0FDE1525-D1B2-4A89-A19B-C0EA6B61DA3A}.Release|Any CPU.Build.0 = Release|Any CPU
	EndGlobalSection
	GlobalSection(SolutionProperties) = preSolution
		HideSolutionNode = FALSE
	EndGlobalSection
EndGlobal
