
Microsoft Visual Studio Solution File, Format Version 12.00
# Visual Studio 14
VisualStudioVersion = 14.0.25420.1
MinimumVisualStudioVersion = 10.0.40219.1
Project("{FAE04EC0-301F-11D3-BF4B-00C04F79EFBC}") = "Fiap.Ex02.MVC.Web", "Fiap.Ex02.MVC.Web\Fiap.Ex02.MVC.Web.csproj", "{A8C6F94B-2A43-4121-8289-BABBF10CFAA0}"
EndProject
Project("{00D1A9C2-B5F0-4AF3-8072-F6C62B433612}") = "Fiap.Ex02.Database", "Fiap.Ex02.Database\Fiap.Ex02.Database.sqlproj", "{47B8F564-4F23-4312-8E4E-77D0C2DA13C4}"
EndProject
Global
	GlobalSection(SolutionConfigurationPlatforms) = preSolution
		Debug|Any CPU = Debug|Any CPU
		Release|Any CPU = Release|Any CPU
	EndGlobalSection
	GlobalSection(ProjectConfigurationPlatforms) = postSolution
		{A8C6F94B-2A43-4121-8289-BABBF10CFAA0}.Debug|Any CPU.ActiveCfg = Debug|Any CPU
		{A8C6F94B-2A43-4121-8289-BABBF10CFAA0}.Debug|Any CPU.Build.0 = Debug|Any CPU
		{A8C6F94B-2A43-4121-8289-BABBF10CFAA0}.Release|Any CPU.ActiveCfg = Release|Any CPU
		{A8C6F94B-2A43-4121-8289-BABBF10CFAA0}.Release|Any CPU.Build.0 = Release|Any CPU
		{47B8F564-4F23-4312-8E4E-77D0C2DA13C4}.Debug|Any CPU.ActiveCfg = Debug|Any CPU
		{47B8F564-4F23-4312-8E4E-77D0C2DA13C4}.Debug|Any CPU.Build.0 = Debug|Any CPU
		{47B8F564-4F23-4312-8E4E-77D0C2DA13C4}.Debug|Any CPU.Deploy.0 = Debug|Any CPU
		{47B8F564-4F23-4312-8E4E-77D0C2DA13C4}.Release|Any CPU.ActiveCfg = Release|Any CPU
		{47B8F564-4F23-4312-8E4E-77D0C2DA13C4}.Release|Any CPU.Build.0 = Release|Any CPU
		{47B8F564-4F23-4312-8E4E-77D0C2DA13C4}.Release|Any CPU.Deploy.0 = Release|Any CPU
	EndGlobalSection
	GlobalSection(SolutionProperties) = preSolution
		HideSolutionNode = FALSE
	EndGlobalSection
EndGlobal
