
Microsoft Visual Studio Solution File, Format Version 12.00
# Visual Studio 14
VisualStudioVersion = 14.0.25420.1
MinimumVisualStudioVersion = 10.0.40219.1
Project("{FAE04EC0-301F-11D3-BF4B-00C04F79EFBC}") = "Fiap.Exercicio03.MVC.Web", "Fiap.Exercicio03.MVC.Web\Fiap.Exercicio03.MVC.Web.csproj", "{240E99A1-2B9D-4A10-A3AF-BBDE22B3CC55}"
EndProject
Project("{00D1A9C2-B5F0-4AF3-8072-F6C62B433612}") = "Fiap.Exercicio03.Database", "Fiap.Exercicio03.Database\Fiap.Exercicio03.Database.sqlproj", "{F30848DE-9C78-49A5-A1A0-CC037BD44843}"
EndProject
Global
	GlobalSection(SolutionConfigurationPlatforms) = preSolution
		Debug|Any CPU = Debug|Any CPU
		Release|Any CPU = Release|Any CPU
	EndGlobalSection
	GlobalSection(ProjectConfigurationPlatforms) = postSolution
		{240E99A1-2B9D-4A10-A3AF-BBDE22B3CC55}.Debug|Any CPU.ActiveCfg = Debug|Any CPU
		{240E99A1-2B9D-4A10-A3AF-BBDE22B3CC55}.Debug|Any CPU.Build.0 = Debug|Any CPU
		{240E99A1-2B9D-4A10-A3AF-BBDE22B3CC55}.Release|Any CPU.ActiveCfg = Release|Any CPU
		{240E99A1-2B9D-4A10-A3AF-BBDE22B3CC55}.Release|Any CPU.Build.0 = Release|Any CPU
		{F30848DE-9C78-49A5-A1A0-CC037BD44843}.Debug|Any CPU.ActiveCfg = Debug|Any CPU
		{F30848DE-9C78-49A5-A1A0-CC037BD44843}.Debug|Any CPU.Build.0 = Debug|Any CPU
		{F30848DE-9C78-49A5-A1A0-CC037BD44843}.Debug|Any CPU.Deploy.0 = Debug|Any CPU
		{F30848DE-9C78-49A5-A1A0-CC037BD44843}.Release|Any CPU.ActiveCfg = Release|Any CPU
		{F30848DE-9C78-49A5-A1A0-CC037BD44843}.Release|Any CPU.Build.0 = Release|Any CPU
		{F30848DE-9C78-49A5-A1A0-CC037BD44843}.Release|Any CPU.Deploy.0 = Release|Any CPU
	EndGlobalSection
	GlobalSection(SolutionProperties) = preSolution
		HideSolutionNode = FALSE
	EndGlobalSection
EndGlobal
